
Microsoft Visual Studio Solution File, Format Version 12.00
# Visual Studio 14
VisualStudioVersion = 14.0.24720.0
MinimumVisualStudioVersion = 10.0.40219.1
Project("{8BC9CEB8-8B4A-11D0-8D11-00A0C91BC942}") = "UEngine", "UEngine\UEngine.vcxproj", "{69A8D5F1-0FA7-4994-8506-6BDC907CB685}"
EndProject
Project("{8BC9CEB8-8B4A-11D0-8D11-00A0C91BC942}") = "UEngineStarter", "UEngineStarter\UEngineStarter.vcxproj", "{218C163D-956A-4AF0-961A-515847C9C32D}"
	ProjectSection(ProjectDependencies) = postProject
		{69A8D5F1-0FA7-4994-8506-6BDC907CB685} = {69A8D5F1-0FA7-4994-8506-6BDC907CB685}
	EndProjectSection
EndProject
Global
	GlobalSection(SolutionConfigurationPlatforms) = preSolution
		Debug|Win32 = Debug|Win32
		Debug|x64 = Debug|x64
		Release|Win32 = Release|Win32
		Release|x64 = Release|x64
	EndGlobalSection
	GlobalSection(ProjectConfigurationPlatforms) = postSolution
		{69A8D5F1-0FA7-4994-8506-6BDC907CB685}.Debug|Win32.ActiveCfg = Debug|Win32
		{69A8D5F1-0FA7-4994-8506-6BDC907CB685}.Debug|Win32.Build.0 = Debug|Win32
		{69A8D5F1-0FA7-4994-8506-6BDC907CB685}.Debug|x64.ActiveCfg = Debug|x64
		{69A8D5F1-0FA7-4994-8506-6BDC907CB685}.Debug|x64.Build.0 = Debug|x64
		{69A8D5F1-0FA7-4994-8506-6BDC907CB685}.Release|Win32.ActiveCfg = Release|Win32
		{69A8D5F1-0FA7-4994-8506-6BDC907CB685}.Release|Win32.Build.0 = Release|Win32
		{69A8D5F1-0FA7-4994-8506-6BDC907CB685}.Release|x64.ActiveCfg = Release|x64
		{69A8D5F1-0FA7-4994-8506-6BDC907CB685}.Release|x64.Build.0 = Release|x64
		{218C163D-956A-4AF0-961A-515847C9C32D}.Debug|Win32.ActiveCfg = Debug|Win32
		{218C163D-956A-4AF0-961A-515847C9C32D}.Debug|Win32.Build.0 = Debug|Win32
		{218C163D-956A-4AF0-961A-515847C9C32D}.Debug|x64.ActiveCfg = Debug|Win32
		{218C163D-956A-4AF0-961A-515847C9C32D}.Release|Win32.ActiveCfg = Release|Win32
		{218C163D-956A-4AF0-961A-515847C9C32D}.Release|Win32.Build.0 = Release|Win32
		{218C163D-956A-4AF0-961A-515847C9C32D}.Release|x64.ActiveCfg = Release|Win32
	EndGlobalSection
	GlobalSection(SolutionProperties) = preSolution
		HideSolutionNode = FALSE
	EndGlobalSection
EndGlobal
